
Microsoft Visual Studio Solution File, Format Version 12.00
# Visual Studio Version 17
VisualStudioVersion = 17.4.33205.214
MinimumVisualStudioVersion = 10.0.40219.1
Project("{FAE04EC0-301F-11D3-BF4B-00C04F79EFBC}") = "Tabuada", "Tabuada\Tabuada.csproj", "{95885DE9-FA02-4B42-975B-394C29786C99}"
EndProject
Global
	GlobalSection(SolutionConfigurationPlatforms) = preSolution
		Debug|Any CPU = Debug|Any CPU
		Release|Any CPU = Release|Any CPU
	EndGlobalSection
	GlobalSection(ProjectConfigurationPlatforms) = postSolution
		{95885DE9-FA02-4B42-975B-394C29786C99}.Debug|Any CPU.ActiveCfg = Debug|Any CPU
		{95885DE9-FA02-4B42-975B-394C29786C99}.Debug|Any CPU.Build.0 = Debug|Any CPU
		{95885DE9-FA02-4B42-975B-394C29786C99}.Release|Any CPU.ActiveCfg = Release|Any CPU
		{95885DE9-FA02-4B42-975B-394C29786C99}.Release|Any CPU.Build.0 = Release|Any CPU
	EndGlobalSection
	GlobalSection(SolutionProperties) = preSolution
		HideSolutionNode = FALSE
	EndGlobalSection
	GlobalSection(ExtensibilityGlobals) = postSolution
		SolutionGuid = {E57D7447-F153-491B-B2E4-79AF0B2A19DA}
	EndGlobalSection
EndGlobal
